// !$*UTF8*$!
{
	archiveVersion = 1;
	classes = {
	};
	objectVersion = 77;
	objects = {

/* Begin PBXBuildFile section */
		80ED3FCC2E24E0D400B3CA32 /* NFCScanner.swift in Sources */ = {isa = PBXBuildFile; fileRef = 80ED3FCB2E24E0D400B3CA32 /* NFCScanner.swift */; };
/* End PBXBuildFile section */

/* Begin PBXContainerItemProxy section */
		80ED3FAF2E24DEB500B3CA32 /* PBXContainerItemProxy */ = {
			isa = PBXContainerItemProxy;
			containerPortal = 80ED3F942E24DEB400B3CA32 /* Project object */;
			proxyType = 1;
			remoteGlobalIDString = 80ED3F9B2E24DEB400B3CA32;
			remoteInfo = "NFC App V2";
		};
		80ED3FB92E24DEB500B3CA32 /* PBXContainerItemProxy */ = {
			isa = PBXContainerItemProxy;
			containerPortal = 80ED3F942E24DEB400B3CA32 /* Project object */;
			proxyType = 1;
			remoteGlobalIDString = 80ED3F9B2E24DEB400B3CA32;
			remoteInfo = "NFC App V2";
		};
/* End PBXContainerItemProxy section */

/* Begin PBXFileReference section */
		80ED3F9C2E24DEB400B3CA32 /* NFC App V2.app */ = {isa = PBXFileReference; explicitFileType = wrapper.application; includeInIndex = 0; path = "NFC App V2.app"; sourceTree = BUILT_PRODUCTS_DIR; };
		80ED3FAE2E24DEB500B3CA32 /* NFC App V2Tests.xctest */ = {isa = PBXFileReference; explicitFileType = wrapper.cfbundle; includeInIndex = 0; path = "NFC App V2Tests.xctest"; sourceTree = BUILT_PRODUCTS_DIR; };
		80ED3FB82E24DEB500B3CA32 /* NFC App V2UITests.xctest */ = {isa = PBXFileReference; explicitFileType = wrapper.cfbundle; includeInIndex = 0; path = "NFC App V2UITests.xctest"; sourceTree = BUILT_PRODUCTS_DIR; };
		80ED3FCB2E24E0D400B3CA32 /* NFCScanner.swift */ = {isa = PBXFileReference; lastKnownFileType = sourcecode.swift; path = NFCScanner.swift; sourceTree = "<group>"; };
/* End PBXFileReference section */

/* Begin PBXFileSystemSynchronizedRootGroup section */
		80ED3F9E2E24DEB400B3CA32 /* NFC App V2 */ = {
			isa = PBXFileSystemSynchronizedRootGroup;
			path = "NFC App V2";
			sourceTree = "<group>";
		};
		80ED3FB12E24DEB500B3CA32 /* NFC App V2Tests */ = {
			isa = PBXFileSystemSynchronizedRootGroup;
			path = "NFC App V2Tests";
			sourceTree = "<group>";
		};
		80ED3FBB2E24DEB500B3CA32 /* NFC App V2UITests */ = {
			isa = PBXFileSystemSynchronizedRootGroup;
			path = "NFC App V2UITests";
			sourceTree = "<group>";
		};
/* End PBXFileSystemSynchronizedRootGroup section */

/* Begin PBXFrameworksBuildPhase section */
		80ED3F992E24DEB400B3CA32 /* Frameworks */ = {
			isa = PBXFrameworksBuildPhase;
			buildActionMask = 2147483647;
			files = (
			);
			runOnlyForDeploymentPostprocessing = 0;
		};
		80ED3FAB2E24DEB500B3CA32 /* Frameworks */ = {
			isa = PBXFrameworksBuildPhase;
			buildActionMask = 2147483647;
			files = (
			);
			runOnlyForDeploymentPostprocessing = 0;
		};
		80ED3FB52E24DEB500B3CA32 /* Frameworks */ = {
			isa = PBXFrameworksBuildPhase;
			buildActionMask = 2147483647;
			files = (
			);
			runOnlyForDeploymentPostprocessing = 0;
		};
/* End PBXFrameworksBuildPhase section */

/* Begin PBXGroup section */
		80ED3F932E24DEB400B3CA32 = {
			isa = PBXGroup;
			children = (
				80ED3FCB2E24E0D400B3CA32 /* NFCScanner.swift */,
				80ED3F9E2E24DEB400B3CA32 /* NFC App V2 */,
				80ED3FB12E24DEB500B3CA32 /* NFC App V2Tests */,
				80ED3FBB2E24DEB500B3CA32 /* NFC App V2UITests */,
				80ED3F9D2E24DEB400B3CA32 /* Products */,
			);
			sourceTree = "<group>";
		};
		80ED3F9D2E24DEB400B3CA32 /* Products */ = {
			isa = PBXGroup;
			children = (
				80ED3F9C2E24DEB400B3CA32 /* NFC App V2.app */,
				80ED3FAE2E24DEB500B3CA32 /* NFC App V2Tests.xctest */,
				80ED3FB82E24DEB500B3CA32 /* NFC App V2UITests.xctest */,
			);
			name = Products;
			sourceTree = "<group>";
		};
/* End PBXGroup section */

/* Begin PBXNativeTarget section */
		80ED3F9B2E24DEB400B3CA32 /* NFC App V2 */ = {
			isa = PBXNativeTarget;
			buildConfigurationList = 80ED3FC22E24DEB500B3CA32 /* Build configuration list for PBXNativeTarget "NFC App V2" */;
			buildPhases = (
				80ED3F982E24DEB400B3CA32 /* Sources */,
				80ED3F992E24DEB400B3CA32 /* Frameworks */,
				80ED3F9A2E24DEB400B3CA32 /* Resources */,
			);
			buildRules = (
			);
			dependencies = (
			);
			fileSystemSynchronizedGroups = (
				80ED3F9E2E24DEB400B3CA32 /* NFC App V2 */,
			);
			name = "NFC App V2";
			packageProductDependencies = (
			);
			productName = "NFC App V2";
			productReference = 80ED3F9C2E24DEB400B3CA32 /* NFC App V2.app */;
			productType = "com.apple.product-type.application";
		};
		80ED3FAD2E24DEB500B3CA32 /* NFC App V2Tests */ = {
			isa = PBXNativeTarget;
			buildConfigurationList = 80ED3FC52E24DEB500B3CA32 /* Build configuration list for PBXNativeTarget "NFC App V2Tests" */;
			buildPhases = (
				80ED3FAA2E24DEB500B3CA32 /* Sources */,
				80ED3FAB2E24DEB500B3CA32 /* Frameworks */,
				80ED3FAC2E24DEB500B3CA32 /* Resources */,
			);
			buildRules = (
			);
			dependencies = (
				80ED3FB02E24DEB500B3CA32 /* PBXTargetDependency */,
			);
			fileSystemSynchronizedGroups = (
				80ED3FB12E24DEB500B3CA32 /* NFC App V2Tests */,
			);
			name = "NFC App V2Tests";
			packageProductDependencies = (
			);
			productName = "NFC App V2Tests";
			productReference = 80ED3FAE2E24DEB500B3CA32 /* NFC App V2Tests.xctest */;
			productType = "com.apple.product-type.bundle.unit-test";
		};
		80ED3FB72E24DEB500B3CA32 /* NFC App V2UITests */ = {
			isa = PBXNativeTarget;
			buildConfigurationList = 80ED3FC82E24DEB500B3CA32 /* Build configuration list for PBXNativeTarget "NFC App V2UITests" */;
			buildPhases = (
				80ED3FB42E24DEB500B3CA32 /* Sources */,
				80ED3FB52E24DEB500B3CA32 /* Frameworks */,
				80ED3FB62E24DEB500B3CA32 /* Resources */,
			);
			buildRules = (
			);
			dependencies = (
				80ED3FBA2E24DEB500B3CA32 /* PBXTargetDependency */,
			);
			fileSystemSynchronizedGroups = (
				80ED3FBB2E24DEB500B3CA32 /* NFC App V2UITests */,
			);
			name = "NFC App V2UITests";
			packageProductDependencies = (
			);
			productName = "NFC App V2UITests";
			productReference = 80ED3FB82E24DEB500B3CA32 /* NFC App V2UITests.xctest */;
			productType = "com.apple.product-type.bundle.ui-testing";
		};
/* End PBXNativeTarget section */

/* Begin PBXProject section */
		80ED3F942E24DEB400B3CA32 /* Project object */ = {
			isa = PBXProject;
			attributes = {
				BuildIndependentTargetsInParallel = 1;
				LastSwiftUpdateCheck = 1620;
				LastUpgradeCheck = 1620;
				TargetAttributes = {
					80ED3F9B2E24DEB400B3CA32 = {
						CreatedOnToolsVersion = 16.2;
					};
					80ED3FAD2E24DEB500B3CA32 = {
						CreatedOnToolsVersion = 16.2;
						TestTargetID = 80ED3F9B2E24DEB400B3CA32;
					};
					80ED3FB72E24DEB500B3CA32 = {
						CreatedOnToolsVersion = 16.2;
						TestTargetID = 80ED3F9B2E24DEB400B3CA32;
					};
				};
			};
			buildConfigurationList = 80ED3F972E24DEB400B3CA32 /* Build configuration list for PBXProject "NFC App V2" */;
			developmentRegion = en;
			hasScannedForEncodings = 0;
			knownRegions = (
				en,
				Base,
			);
			mainGroup = 80ED3F932E24DEB400B3CA32;
			minimizedProjectReferenceProxies = 1;
			preferredProjectObjectVersion = 77;
			productRefGroup = 80ED3F9D2E24DEB400B3CA32 /* Products */;
			projectDirPath = "";
			projectRoot = "";
			targets = (
				80ED3F9B2E24DEB400B3CA32 /* NFC App V2 */,
				80ED3FAD2E24DEB500B3CA32 /* NFC App V2Tests */,
				80ED3FB72E24DEB500B3CA32 /* NFC App V2UITests */,
			);
		};
/* End PBXProject section */

/* Begin PBXResourcesBuildPhase section */
		80ED3F9A2E24DEB400B3CA32 /* Resources */ = {
			isa = PBXResourcesBuildPhase;
			buildActionMask = 2147483647;
			files = (
			);
			runOnlyForDeploymentPostprocessing = 0;
		};
		80ED3FAC2E24DEB500B3CA32 /* Resources */ = {
			isa = PBXResourcesBuildPhase;
			buildActionMask = 2147483647;
			files = (
			);
			runOnlyForDeploymentPostprocessing = 0;
		};
		80ED3FB62E24DEB500B3CA32 /* Resources */ = {
			isa = PBXResourcesBuildPhase;
			buildActionMask = 2147483647;
			files = (
			);
			runOnlyForDeploymentPostprocessing = 0;
		};
/* End PBXResourcesBuildPhase section */

/* Begin PBXSourcesBuildPhase section */
		80ED3F982E24DEB400B3CA32 /* Sources */ = {
			isa = PBXSourcesBuildPhase;
			buildActionMask = 2147483647;
			files = (
				80ED3FCC2E24E0D400B3CA32 /* NFCScanner.swift in Sources */,
			);
			runOnlyForDeploymentPostprocessing = 0;
		};
		80ED3FAA2E24DEB500B3CA32 /* Sources */ = {
			isa = PBXSourcesBuildPhase;
			buildActionMask = 2147483647;
			files = (
			);
			runOnlyForDeploymentPostprocessing = 0;
		};
		80ED3FB42E24DEB500B3CA32 /* Sources */ = {
			isa = PBXSourcesBuildPhase;
			buildActionMask = 2147483647;
			files = (
			);
			runOnlyForDeploymentPostprocessing = 0;
		};
/* End PBXSourcesBuildPhase section */

/* Begin PBXTargetDependency section */
		80ED3FB02E24DEB500B3CA32 /* PBXTargetDependency */ = {
			isa = PBXTargetDependency;
			target = 80ED3F9B2E24DEB400B3CA32 /* NFC App V2 */;
			targetProxy = 80ED3FAF2E24DEB500B3CA32 /* PBXContainerItemProxy */;
		};
		80ED3FBA2E24DEB500B3CA32 /* PBXTargetDependency */ = {
			isa = PBXTargetDependency;
			target = 80ED3F9B2E24DEB400B3CA32 /* NFC App V2 */;
			targetProxy = 80ED3FB92E24DEB500B3CA32 /* PBXContainerItemProxy */;
		};
/* End PBXTargetDependency section */

/* Begin XCBuildConfiguration section */
		80ED3FC02E24DEB500B3CA32 /* Debug */ = {
			isa = XCBuildConfiguration;
			buildSettings = {
				ALWAYS_SEARCH_USER_PATHS = NO;
				ASSETCATALOG_COMPILER_GENERATE_SWIFT_ASSET_SYMBOL_EXTENSIONS = YES;
				CLANG_ANALYZER_NONNULL = YES;
				CLANG_ANALYZER_NUMBER_OBJECT_CONVERSION = YES_AGGRESSIVE;
				CLANG_CXX_LANGUAGE_STANDARD = "gnu++20";
				CLANG_ENABLE_MODULES = YES;
				CLANG_ENABLE_OBJC_ARC = YES;
				CLANG_ENABLE_OBJC_WEAK = YES;
				CLANG_WARN_BLOCK_CAPTURE_AUTORELEASING = YES;
				CLANG_WARN_BOOL_CONVERSION = YES;
				CLANG_WARN_COMMA = YES;
				CLANG_WARN_CONSTANT_CONVERSION = YES;
				CLANG_WARN_DEPRECATED_OBJC_IMPLEMENTATIONS = YES;
				CLANG_WARN_DIRECT_OBJC_ISA_USAGE = YES_ERROR;
				CLANG_WARN_DOCUMENTATION_COMMENTS = YES;
				CLANG_WARN_EMPTY_BODY = YES;
				CLANG_WARN_ENUM_CONVERSION = YES;
				CLANG_WARN_INFINITE_RECURSION = YES;
				CLANG_WARN_INT_CONVERSION = YES;
				CLANG_WARN_NON_LITERAL_NULL_CONVERSION = YES;
				CLANG_WARN_OBJC_IMPLICIT_RETAIN_SELF = YES;
				CLANG_WARN_OBJC_LITERAL_CONVERSION = YES;
				CLANG_WARN_OBJC_ROOT_CLASS = YES_ERROR;
				CLANG_WARN_QUOTED_INCLUDE_IN_FRAMEWORK_HEADER = YES;
				CLANG_WARN_RANGE_LOOP_ANALYSIS = YES;
				CLANG_WARN_STRICT_PROTOTYPES = YES;
				CLANG_WARN_SUSPICIOUS_MOVE = YES;
				CLANG_WARN_UNGUARDED_AVAILABILITY = YES_AGGRESSIVE;
				CLANG_WARN_UNREACHABLE_CODE = YES;
				CLANG_WARN__DUPLICATE_METHOD_MATCH = YES;
				COPY_PHASE_STRIP = NO;
				DEBUG_INFORMATION_FORMAT = dwarf;
				ENABLE_STRICT_OBJC_MSGSEND = YES;
				ENABLE_TESTABILITY = YES;
				ENABLE_USER_SCRIPT_SANDBOXING = YES;
				GCC_C_LANGUAGE_STANDARD = gnu17;
				GCC_DYNAMIC_NO_PIC = NO;
				GCC_NO_COMMON_BLOCKS = YES;
				GCC_OPTIMIZATION_LEVEL = 0;
				GCC_PREPROCESSOR_DEFINITIONS = (
					"DEBUG=1",
					"$(inherited)",
				);
				GCC_WARN_64_TO_32_BIT_CONVERSION = YES;
				GCC_WARN_ABOUT_RETURN_TYPE = YES_ERROR;
				GCC_WARN_UNDECLARED_SELECTOR = YES;
				GCC_WARN_UNINITIALIZED_AUTOS = YES_AGGRESSIVE;
				GCC_WARN_UNUSED_FUNCTION = YES;
				GCC_WARN_UNUSED_VARIABLE = YES;
				IPHONEOS_DEPLOYMENT_TARGET = 18.2;
				LOCALIZATION_PREFERS_STRING_CATALOGS = YES;
				MTL_ENABLE_DEBUG_INFO = INCLUDE_SOURCE;
				MTL_FAST_MATH = YES;
				ONLY_ACTIVE_ARCH = YES;
				SDKROOT = iphoneos;
				SWIFT_ACTIVE_COMPILATION_CONDITIONS = "DEBUG $(inherited)";
				SWIFT_OPTIMIZATION_LEVEL = "-Onone";
			};
			name = Debug;
		};
		80ED3FC12E24DEB500B3CA32 /* Release */ = {
			isa = XCBuildConfiguration;
			buildSettings = {
				ALWAYS_SEARCH_USER_PATHS = NO;
				ASSETCATALOG_COMPILER_GENERATE_SWIFT_ASSET_SYMBOL_EXTENSIONS = YES;
				CLANG_ANALYZER_NONNULL = YES;
				CLANG_ANALYZER_NUMBER_OBJECT_CONVERSION = YES_AGGRESSIVE;
				CLANG_CXX_LANGUAGE_STANDARD = "gnu++20";
				CLANG_ENABLE_MODULES = YES;
				CLANG_ENABLE_OBJC_ARC = YES;
				CLANG_ENABLE_OBJC_WEAK = YES;
				CLANG_WARN_BLOCK_CAPTURE_AUTORELEASING = YES;
				CLANG_WARN_BOOL_CONVERSION = YES;
				CLANG_WARN_COMMA = YES;
				CLANG_WARN_CONSTANT_CONVERSION = YES;
				CLANG_WARN_DEPRECATED_OBJC_IMPLEMENTATIONS = YES;
				CLANG_WARN_DIRECT_OBJC_ISA_USAGE = YES_ERROR;
				CLANG_WARN_DOCUMENTATION_COMMENTS = YES;
				CLANG_WARN_EMPTY_BODY = YES;
				CLANG_WARN_ENUM_CONVERSION = YES;
				CLANG_WARN_INFINITE_RECURSION = YES;
				CLANG_WARN_INT_CONVERSION = YES;
				CLANG_WARN_NON_LITERAL_NULL_CONVERSION = YES;
				CLANG_WARN_OBJC_IMPLICIT_RETAIN_SELF = YES;
				CLANG_WARN_OBJC_LITERAL_CONVERSION = YES;
				CLANG_WARN_OBJC_ROOT_CLASS = YES_ERROR;
				CLANG_WARN_QUOTED_INCLUDE_IN_FRAMEWORK_HEADER = YES;
				CLANG_WARN_RANGE_LOOP_ANALYSIS = YES;
				CLANG_WARN_STRICT_PROTOTYPES = YES;
				CLANG_WARN_SUSPICIOUS_MOVE = YES;
				CLANG_WARN_UNGUARDED_AVAILABILITY = YES_AGGRESSIVE;
				CLANG_WARN_UNREACHABLE_CODE = YES;
				CLANG_WARN__DUPLICATE_METHOD_MATCH = YES;
				COPY_PHASE_STRIP = NO;
				DEBUG_INFORMATION_FORMAT = "dwarf-with-dsym";
				ENABLE_NS_ASSERTIONS = NO;
				ENABLE_STRICT_OBJC_MSGSEND = YES;
				ENABLE_USER_SCRIPT_SANDBOXING = YES;
				GCC_C_LANGUAGE_STANDARD = gnu17;
				GCC_NO_COMMON_BLOCKS = YES;
				GCC_WARN_64_TO_32_BIT_CONVERSION = YES;
				GCC_WARN_ABOUT_RETURN_TYPE = YES_ERROR;
				GCC_WARN_UNDECLARED_SELECTOR = YES;
				GCC_WARN_UNINITIALIZED_AUTOS = YES_AGGRESSIVE;
				GCC_WARN_UNUSED_FUNCTION = YES;
				GCC_WARN_UNUSED_VARIABLE = YES;
				IPHONEOS_DEPLOYMENT_TARGET = 18.2;
				LOCALIZATION_PREFERS_STRING_CATALOGS = YES;
				MTL_ENABLE_DEBUG_INFO = NO;
				MTL_FAST_MATH = YES;
				SDKROOT = iphoneos;
				SWIFT_COMPILATION_MODE = wholemodule;
				VALIDATE_PRODUCT = YES;
			};
			name = Release;
		};
		80ED3FC32E24DEB500B3CA32 /* Debug */ = {
			isa = XCBuildConfiguration;
			buildSettings = {
				ASSETCATALOG_COMPILER_APPICON_NAME = AppIcon;
				ASSETCATALOG_COMPILER_GLOBAL_ACCENT_COLOR_NAME = AccentColor;
				CODE_SIGN_ENTITLEMENTS = "NFC App V2/NFC App V2.entitlements";
				CODE_SIGN_STYLE = Automatic;
				CURRENT_PROJECT_VERSION = 1;
				DEVELOPMENT_ASSET_PATHS = "\"NFC App V2/Preview Content\"";
				DEVELOPMENT_TEAM = Z8PS8WLYZ6;
				ENABLE_PREVIEWS = YES;
				GENERATE_INFOPLIST_FILE = YES;
				INFOPLIST_KEY_NFCReaderUsageDescription = "nfc pls 🥹";
				INFOPLIST_KEY_UIApplicationSceneManifest_Generation = YES;
				INFOPLIST_KEY_UIApplicationSupportsIndirectInputEvents = YES;
				INFOPLIST_KEY_UILaunchScreen_Generation = YES;
				INFOPLIST_KEY_UISupportedInterfaceOrientations_iPad = "UIInterfaceOrientationPortrait UIInterfaceOrientationPortraitUpsideDown UIInterfaceOrientationLandscapeLeft UIInterfaceOrientationLandscapeRight";
				INFOPLIST_KEY_UISupportedInterfaceOrientations_iPhone = "UIInterfaceOrientationPortrait UIInterfaceOrientationLandscapeLeft UIInterfaceOrientationLandscapeRight";
				IPHONEOS_DEPLOYMENT_TARGET = 18;
				LD_RUNPATH_SEARCH_PATHS = (
					"$(inherited)",
					"@executable_path/Frameworks",
				);
				MARKETING_VERSION = 1.0;
				PRODUCT_BUNDLE_IDENTIFIER = "com.kaushikmanian.NFC-App-V2";
				PRODUCT_NAME = "$(TARGET_NAME)";
				SWIFT_EMIT_LOC_STRINGS = YES;
				SWIFT_VERSION = 5.0;
				TARGETED_DEVICE_FAMILY = "1,2";
			};
			name = Debug;
		};
		80ED3FC42E24DEB500B3CA32 /* Release */ = {
			isa = XCBuildConfiguration;
			buildSettings = {
				ASSETCATALOG_COMPILER_APPICON_NAME = AppIcon;
				ASSETCATALOG_COMPILER_GLOBAL_ACCENT_COLOR_NAME = AccentColor;
				CODE_SIGN_ENTITLEMENTS = "NFC App V2/NFC App V2.entitlements";
				CODE_SIGN_STYLE = Automatic;
				CURRENT_PROJECT_VERSION = 1;
				DEVELOPMENT_ASSET_PATHS = "\"NFC App V2/Preview Content\"";
				DEVELOPMENT_TEAM = Z8PS8WLYZ6;
				ENABLE_PREVIEWS = YES;
				GENERATE_INFOPLIST_FILE = YES;
				INFOPLIST_KEY_NFCReaderUsageDescription = "nfc pls 🥹";
				INFOPLIST_KEY_UIApplicationSceneManifest_Generation = YES;
				INFOPLIST_KEY_UIApplicationSupportsIndirectInputEvents = YES;
				INFOPLIST_KEY_UILaunchScreen_Generation = YES;
				INFOPLIST_KEY_UISupportedInterfaceOrientations_iPad = "UIInterfaceOrientationPortrait UIInterfaceOrientationPortraitUpsideDown UIInterfaceOrientationLandscapeLeft UIInterfaceOrientationLandscapeRight";
				INFOPLIST_KEY_UISupportedInterfaceOrientations_iPhone = "UIInterfaceOrientationPortrait UIInterfaceOrientationLandscapeLeft UIInterfaceOrientationLandscapeRight";
				IPHONEOS_DEPLOYMENT_TARGET = 18;
				LD_RUNPATH_SEARCH_PATHS = (
					"$(inherited)",
					"@executable_path/Frameworks",
				);
				MARKETING_VERSION = 1.0;
				PRODUCT_BUNDLE_IDENTIFIER = "com.kaushikmanian.NFC-App-V2";
				PRODUCT_NAME = "$(TARGET_NAME)";
				SWIFT_EMIT_LOC_STRINGS = YES;
				SWIFT_VERSION = 5.0;
				TARGETED_DEVICE_FAMILY = "1,2";
			};
			name = Release;
		};
		80ED3FC62E24DEB500B3CA32 /* Debug */ = {
			isa = XCBuildConfiguration;
			buildSettings = {
				BUNDLE_LOADER = "$(TEST_HOST)";
				CODE_SIGN_STYLE = Automatic;
				CURRENT_PROJECT_VERSION = 1;
				DEVELOPMENT_TEAM = Z8PS8WLYZ6;
				GENERATE_INFOPLIST_FILE = YES;
				IPHONEOS_DEPLOYMENT_TARGET = 18.2;
				MARKETING_VERSION = 1.0;
				PRODUCT_BUNDLE_IDENTIFIER = "com.kaushikmanian.NFC-App-V2Tests";
				PRODUCT_NAME = "$(TARGET_NAME)";
				SWIFT_EMIT_LOC_STRINGS = NO;
				SWIFT_VERSION = 5.0;
				TARGETED_DEVICE_FAMILY = "1,2";
				TEST_HOST = "$(BUILT_PRODUCTS_DIR)/NFC App V2.app/$(BUNDLE_EXECUTABLE_FOLDER_PATH)/NFC App V2";
			};
			name = Debug;
		};
		80ED3FC72E24DEB500B3CA32 /* Release */ = {
			isa = XCBuildConfiguration;
			buildSettings = {
				BUNDLE_LOADER = "$(TEST_HOST)";
				CODE_SIGN_STYLE = Automatic;
				CURRENT_PROJECT_VERSION = 1;
				DEVELOPMENT_TEAM = Z8PS8WLYZ6;
				GENERATE_INFOPLIST_FILE = YES;
				IPHONEOS_DEPLOYMENT_TARGET = 18.2;
				MARKETING_VERSION = 1.0;
				PRODUCT_BUNDLE_IDENTIFIER = "com.kaushikmanian.NFC-App-V2Tests";
				PRODUCT_NAME = "$(TARGET_NAME)";
				SWIFT_EMIT_LOC_STRINGS = NO;
				SWIFT_VERSION = 5.0;
				TARGETED_DEVICE_FAMILY = "1,2";
				TEST_HOST = "$(BUILT_PRODUCTS_DIR)/NFC App V2.app/$(BUNDLE_EXECUTABLE_FOLDER_PATH)/NFC App V2";
			};
			name = Release;
		};
		80ED3FC92E24DEB500B3CA32 /* Debug */ = {
			isa = XCBuildConfiguration;
			buildSettings = {
				CODE_SIGN_STYLE = Automatic;
				CURRENT_PROJECT_VERSION = 1;
				DEVELOPMENT_TEAM = Z8PS8WLYZ6;
				GENERATE_INFOPLIST_FILE = YES;
				MARKETING_VERSION = 1.0;
				PRODUCT_BUNDLE_IDENTIFIER = "com.kaushikmanian.NFC-App-V2UITests";
				PRODUCT_NAME = "$(TARGET_NAME)";
				SWIFT_EMIT_LOC_STRINGS = NO;
				SWIFT_VERSION = 5.0;
				TARGETED_DEVICE_FAMILY = "1,2";
				TEST_TARGET_NAME = "NFC App V2";
			};
			name = Debug;
		};
		80ED3FCA2E24DEB500B3CA32 /* Release */ = {
			isa = XCBuildConfiguration;
			buildSettings = {
				CODE_SIGN_STYLE = Automatic;
				CURRENT_PROJECT_VERSION = 1;
				DEVELOPMENT_TEAM = Z8PS8WLYZ6;
				GENERATE_INFOPLIST_FILE = YES;
				MARKETING_VERSION = 1.0;
				PRODUCT_BUNDLE_IDENTIFIER = "com.kaushikmanian.NFC-App-V2UITests";
				PRODUCT_NAME = "$(TARGET_NAME)";
				SWIFT_EMIT_LOC_STRINGS = NO;
				SWIFT_VERSION = 5.0;
				TARGETED_DEVICE_FAMILY = "1,2";
				TEST_TARGET_NAME = "NFC App V2";
			};
			name = Release;
		};
/* End XCBuildConfiguration section */

/* Begin XCConfigurationList section */
		80ED3F972E24DEB400B3CA32 /* Build configuration list for PBXProject "NFC App V2" */ = {
			isa = XCConfigurationList;
			buildConfigurations = (
				80ED3FC02E24DEB500B3CA32 /* Debug */,
				80ED3FC12E24DEB500B3CA32 /* Release */,
			);
			defaultConfigurationIsVisible = 0;
			defaultConfigurationName = Release;
		};
		80ED3FC22E24DEB500B3CA32 /* Build configuration list for PBXNativeTarget "NFC App V2" */ = {
			isa = XCConfigurationList;
			buildConfigurations = (
				80ED3FC32E24DEB500B3CA32 /* Debug */,
				80ED3FC42E24DEB500B3CA32 /* Release */,
			);
			defaultConfigurationIsVisible = 0;
			defaultConfigurationName = Release;
		};
		80ED3FC52E24DEB500B3CA32 /* Build configuration list for PBXNativeTarget "NFC App V2Tests" */ = {
			isa = XCConfigurationList;
			buildConfigurations = (
				80ED3FC62E24DEB500B3CA32 /* Debug */,
				80ED3FC72E24DEB500B3CA32 /* Release */,
			);
			defaultConfigurationIsVisible = 0;
			defaultConfigurationName = Release;
		};
		80ED3FC82E24DEB500B3CA32 /* Build configuration list for PBXNativeTarget "NFC App V2UITests" */ = {
			isa = XCConfigurationList;
			buildConfigurations = (
				80ED3FC92E24DEB500B3CA32 /* Debug */,
				80ED3FCA2E24DEB500B3CA32 /* Release */,
			);
			defaultConfigurationIsVisible = 0;
			defaultConfigurationName = Release;
		};
/* End XCConfigurationList section */
	};
	rootObject = 80ED3F942E24DEB400B3CA32 /* Project object */;
}
